
Microsoft Visual Studio Solution File, Format Version 12.00
# Visual Studio Version 17
VisualStudioVersion = 17.7.34202.233
MinimumVisualStudioVersion = 10.0.40219.1
Project("{F184B08F-C81C-45F6-A57F-5ABD9991F28F}") = "e-commerce", "e-commerce\e-commerce.vbproj", "{3AC3087F-2A29-46E6-BD9D-3D7273E03783}"
EndProject
Global
	GlobalSection(SolutionConfigurationPlatforms) = preSolution
		Debug|Any CPU = Debug|Any CPU
		Release|Any CPU = Release|Any CPU
	EndGlobalSection
	GlobalSection(ProjectConfigurationPlatforms) = postSolution
		{3AC3087F-2A29-46E6-BD9D-3D7273E03783}.Debug|Any CPU.ActiveCfg = Debug|Any CPU
		{3AC3087F-2A29-46E6-BD9D-3D7273E03783}.Debug|Any CPU.Build.0 = Debug|Any CPU
		{3AC3087F-2A29-46E6-BD9D-3D7273E03783}.Release|Any CPU.ActiveCfg = Release|Any CPU
		{3AC3087F-2A29-46E6-BD9D-3D7273E03783}.Release|Any CPU.Build.0 = Release|Any CPU
	EndGlobalSection
	GlobalSection(SolutionProperties) = preSolution
		HideSolutionNode = FALSE
	EndGlobalSection
	GlobalSection(ExtensibilityGlobals) = postSolution
		SolutionGuid = {C4EB9CF8-0CA3-4B84-B7BC-E88DFCD8C627}
	EndGlobalSection
EndGlobal
